# This file is automatically @generated by Cargo.
# It is not intended for manual editing.
version = 3

[[package]]
name = "day_01"
version = "0.1.0"
dependencies = [
 "util",
]

[[package]]
name = "day_02"
version = "0.1.0"
dependencies = [
 "util",
]

[[package]]
name = "day_03"
version = "0.1.0"
dependencies = [
 "util",
]

[[package]]
name = "day_04"
version = "0.1.0"
dependencies = [
 "util",
]

[[package]]
name = "day_05"
version = "0.1.0"
dependencies = [
 "util",
]

[[package]]
name = "day_06"
version = "0.1.0"
dependencies = [
 "util",
]

[[package]]
name = "day_07"
version = "0.1.0"
dependencies = [
 "util",
]

[[package]]
name = "day_08"
version = "0.1.0"
dependencies = [
 "util",
]

[[package]]
name = "day_09"
version = "0.1.0"
dependencies = [
 "util",
]

[[package]]
name = "day_10"
version = "0.1.0"
dependencies = [
 "util",
]

[[package]]
name = "day_11"
version = "0.1.0"
dependencies = [
 "util",
]

[[package]]
name = "day_12"
version = "0.1.0"
dependencies = [
 "util",
]

[[package]]
name = "day_13"
version = "0.1.0"
dependencies = [
 "util",
]

[[package]]
name = "day_14"
version = "0.1.0"
dependencies = [
 "util",
]

[[package]]
name = "day_15"
version = "0.1.0"
dependencies = [
 "util",
]

[[package]]
name = "day_16"
version = "0.1.0"
dependencies = [
 "symbol",
 "util",
]

[[package]]
name = "day_17"
version = "0.1.0"
dependencies = [
 "util",
]

[[package]]
name = "day_18"
version = "0.1.0"
dependencies = [
 "util",
]

[[package]]
name = "lazy_static"
version = "1.4.0"
source = "registry+https://github.com/rust-lang/crates.io-index"
checksum = "e2abad23fbc42b3700f2f279844dc832adb2b2eb069b2df918f455c4e18cc646"

[[package]]
name = "spin"
version = "0.4.10"
source = "registry+https://github.com/rust-lang/crates.io-index"
checksum = "ceac490aa12c567115b40b7b7fceca03a6c9d53d5defea066123debc83c5dc1f"

[[package]]
name = "symbol"
version = "0.1.9"
source = "registry+https://github.com/rust-lang/crates.io-index"
checksum = "79699c3ae2258766b51a8a11079a355f003e4a0a5cadbdbb66d5c3d8632d4423"
dependencies = [
 "lazy_static",
 "spin",
]

[[package]]
name = "util"
version = "0.1.0"
